// !$*UTF8*$!
{
	archiveVersion = 1;
	classes = {
	};
	objectVersion = 55;
	objects = {

/* Begin PBXBuildFile section */
		E9ADC5762736436A003E9694 /* AppDelegate.swift in Sources */ = {isa = PBXBuildFile; fileRef = E9ADC5752736436A003E9694 /* AppDelegate.swift */; };
		E9ADC5782736436A003E9694 /* NewThemeViewController.swift in Sources */ = {isa = PBXBuildFile; fileRef = E9ADC5772736436A003E9694 /* NewThemeViewController.swift */; };
		E9ADC57A2736436B003E9694 /* Assets.xcassets in Resources */ = {isa = PBXBuildFile; fileRef = E9ADC5792736436B003E9694 /* Assets.xcassets */; };
		E9ADC57D2736436B003E9694 /* Main.storyboard in Resources */ = {isa = PBXBuildFile; fileRef = E9ADC57B2736436B003E9694 /* Main.storyboard */; };
		E9ADC587273645F2003E9694 /* demo.mp4 in Resources */ = {isa = PBXBuildFile; fileRef = E9ADC586273645F2003E9694 /* demo.mp4 */; };
		E9ADC58927365AAC003E9694 /* AllThemeViewController.swift in Sources */ = {isa = PBXBuildFile; fileRef = E9ADC58827365AAC003E9694 /* AllThemeViewController.swift */; };
		E9ADC58B27366AFA003E9694 /* Settings.swift in Sources */ = {isa = PBXBuildFile; fileRef = E9ADC58A27366AFA003E9694 /* Settings.swift */; };
		E9ADC58D2736A461003E9694 /* demo.png in Resources */ = {isa = PBXBuildFile; fileRef = E9ADC58C2736A461003E9694 /* demo.png */; };
/* End PBXBuildFile section */

/* Begin PBXFileReference section */
		E9ADC5722736436A003E9694 /* WallpaperZ.app */ = {isa = PBXFileReference; explicitFileType = wrapper.application; includeInIndex = 0; path = WallpaperZ.app; sourceTree = BUILT_PRODUCTS_DIR; };
		E9ADC5752736436A003E9694 /* AppDelegate.swift */ = {isa = PBXFileReference; lastKnownFileType = sourcecode.swift; path = AppDelegate.swift; sourceTree = "<group>"; };
		E9ADC5772736436A003E9694 /* NewThemeViewController.swift */ = {isa = PBXFileReference; lastKnownFileType = sourcecode.swift; path = NewThemeViewController.swift; sourceTree = "<group>"; };
		E9ADC5792736436B003E9694 /* Assets.xcassets */ = {isa = PBXFileReference; lastKnownFileType = folder.assetcatalog; path = Assets.xcassets; sourceTree = "<group>"; };
		E9ADC57C2736436B003E9694 /* Base */ = {isa = PBXFileReference; lastKnownFileType = file.storyboard; name = Base; path = Base.lproj/Main.storyboard; sourceTree = "<group>"; };
		E9ADC57E2736436B003E9694 /* WallpaperZ.entitlements */ = {isa = PBXFileReference; lastKnownFileType = text.plist.entitlements; path = WallpaperZ.entitlements; sourceTree = "<group>"; };
		E9ADC58427364486003E9694 /* Info.plist */ = {isa = PBXFileReference; lastKnownFileType = text.plist; path = Info.plist; sourceTree = "<group>"; };
		E9ADC586273645F2003E9694 /* demo.mp4 */ = {isa = PBXFileReference; lastKnownFileType = file; path = demo.mp4; sourceTree = "<group>"; };
		E9ADC58827365AAC003E9694 /* AllThemeViewController.swift */ = {isa = PBXFileReference; lastKnownFileType = sourcecode.swift; path = AllThemeViewController.swift; sourceTree = "<group>"; };
		E9ADC58A27366AFA003E9694 /* Settings.swift */ = {isa = PBXFileReference; lastKnownFileType = sourcecode.swift; path = Settings.swift; sourceTree = "<group>"; };
		E9ADC58C2736A461003E9694 /* demo.png */ = {isa = PBXFileReference; lastKnownFileType = image.png; path = demo.png; sourceTree = "<group>"; };
/* End PBXFileReference section */

/* Begin PBXFrameworksBuildPhase section */
		E9ADC56F2736436A003E9694 /* Frameworks */ = {
			isa = PBXFrameworksBuildPhase;
			buildActionMask = 2147483647;
			files = (
			);
			runOnlyForDeploymentPostprocessing = 0;
		};
/* End PBXFrameworksBuildPhase section */

/* Begin PBXGroup section */
		E9ADC5692736436A003E9694 = {
			isa = PBXGroup;
			children = (
				E9ADC5742736436A003E9694 /* WallpaperZ */,
				E9ADC5732736436A003E9694 /* Products */,
			);
			sourceTree = "<group>";
		};
		E9ADC5732736436A003E9694 /* Products */ = {
			isa = PBXGroup;
			children = (
				E9ADC5722736436A003E9694 /* WallpaperZ.app */,
			);
			name = Products;
			sourceTree = "<group>";
		};
		E9ADC5742736436A003E9694 /* WallpaperZ */ = {
			isa = PBXGroup;
			children = (
				E9ADC586273645F2003E9694 /* demo.mp4 */,
				E9ADC58427364486003E9694 /* Info.plist */,
				E9ADC5752736436A003E9694 /* AppDelegate.swift */,
				E9ADC5772736436A003E9694 /* NewThemeViewController.swift */,
				E9ADC58827365AAC003E9694 /* AllThemeViewController.swift */,
				E9ADC5792736436B003E9694 /* Assets.xcassets */,
				E9ADC57B2736436B003E9694 /* Main.storyboard */,
				E9ADC57E2736436B003E9694 /* WallpaperZ.entitlements */,
				E9ADC58A27366AFA003E9694 /* Settings.swift */,
				E9ADC58C2736A461003E9694 /* demo.png */,
			);
			path = WallpaperZ;
			sourceTree = "<group>";
		};
/* End PBXGroup section */

/* Begin PBXNativeTarget section */
		E9ADC5712736436A003E9694 /* WallpaperZ */ = {
			isa = PBXNativeTarget;
			buildConfigurationList = E9ADC5812736436B003E9694 /* Build configuration list for PBXNativeTarget "WallpaperZ" */;
			buildPhases = (
				E9ADC56E2736436A003E9694 /* Sources */,
				E9ADC56F2736436A003E9694 /* Frameworks */,
				E9ADC5702736436A003E9694 /* Resources */,
			);
			buildRules = (
			);
			dependencies = (
			);
			name = WallpaperZ;
			productName = WallpaperZ;
			productReference = E9ADC5722736436A003E9694 /* WallpaperZ.app */;
			productType = "com.apple.product-type.application";
		};
/* End PBXNativeTarget section */

/* Begin PBXProject section */
		E9ADC56A2736436A003E9694 /* Project object */ = {
			isa = PBXProject;
			attributes = {
				BuildIndependentTargetsInParallel = 1;
				LastSwiftUpdateCheck = 1300;
				LastUpgradeCheck = 1300;
				TargetAttributes = {
					E9ADC5712736436A003E9694 = {
						CreatedOnToolsVersion = 13.0;
					};
				};
			};
			buildConfigurationList = E9ADC56D2736436A003E9694 /* Build configuration list for PBXProject "WallpaperZ" */;
			compatibilityVersion = "Xcode 13.0";
			developmentRegion = en;
			hasScannedForEncodings = 0;
			knownRegions = (
				en,
				Base,
			);
			mainGroup = E9ADC5692736436A003E9694;
			productRefGroup = E9ADC5732736436A003E9694 /* Products */;
			projectDirPath = "";
			projectRoot = "";
			targets = (
				E9ADC5712736436A003E9694 /* WallpaperZ */,
			);
		};
/* End PBXProject section */

/* Begin PBXResourcesBuildPhase section */
		E9ADC5702736436A003E9694 /* Resources */ = {
			isa = PBXResourcesBuildPhase;
			buildActionMask = 2147483647;
			files = (
				E9ADC58D2736A461003E9694 /* demo.png in Resources */,
				E9ADC57A2736436B003E9694 /* Assets.xcassets in Resources */,
				E9ADC587273645F2003E9694 /* demo.mp4 in Resources */,
				E9ADC57D2736436B003E9694 /* Main.storyboard in Resources */,
			);
			runOnlyForDeploymentPostprocessing = 0;
		};
/* End PBXResourcesBuildPhase section */

/* Begin PBXSourcesBuildPhase section */
		E9ADC56E2736436A003E9694 /* Sources */ = {
			isa = PBXSourcesBuildPhase;
			buildActionMask = 2147483647;
			files = (
				E9ADC5782736436A003E9694 /* NewThemeViewController.swift in Sources */,
				E9ADC58927365AAC003E9694 /* AllThemeViewController.swift in Sources */,
				E9ADC58B27366AFA003E9694 /* Settings.swift in Sources */,
				E9ADC5762736436A003E9694 /* AppDelegate.swift in Sources */,
			);
			runOnlyForDeploymentPostprocessing = 0;
		};
/* End PBXSourcesBuildPhase section */

/* Begin PBXVariantGroup section */
		E9ADC57B2736436B003E9694 /* Main.storyboard */ = {
			isa = PBXVariantGroup;
			children = (
				E9ADC57C2736436B003E9694 /* Base */,
			);
			name = Main.storyboard;
			sourceTree = "<group>";
		};
/* End PBXVariantGroup section */

/* Begin XCBuildConfiguration section */
		E9ADC57F2736436B003E9694 /* Debug */ = {
			isa = XCBuildConfiguration;
			buildSettings = {
				ALWAYS_SEARCH_USER_PATHS = NO;
				CLANG_ANALYZER_NONNULL = YES;
				CLANG_ANALYZER_NUMBER_OBJECT_CONVERSION = YES_AGGRESSIVE;
				CLANG_CXX_LANGUAGE_STANDARD = "gnu++17";
				CLANG_CXX_LIBRARY = "libc++";
				CLANG_ENABLE_MODULES = YES;
				CLANG_ENABLE_OBJC_ARC = YES;
				CLANG_ENABLE_OBJC_WEAK = YES;
				CLANG_WARN_BLOCK_CAPTURE_AUTORELEASING = YES;
				CLANG_WARN_BOOL_CONVERSION = YES;
				CLANG_WARN_COMMA = YES;
				CLANG_WARN_CONSTANT_CONVERSION = YES;
				CLANG_WARN_DEPRECATED_OBJC_IMPLEMENTATIONS = YES;
				CLANG_WARN_DIRECT_OBJC_ISA_USAGE = YES_ERROR;
				CLANG_WARN_DOCUMENTATION_COMMENTS = YES;
				CLANG_WARN_EMPTY_BODY = YES;
				CLANG_WARN_ENUM_CONVERSION = YES;
				CLANG_WARN_INFINITE_RECURSION = YES;
				CLANG_WARN_INT_CONVERSION = YES;
				CLANG_WARN_NON_LITERAL_NULL_CONVERSION = YES;
				CLANG_WARN_OBJC_IMPLICIT_RETAIN_SELF = YES;
				CLANG_WARN_OBJC_LITERAL_CONVERSION = YES;
				CLANG_WARN_OBJC_ROOT_CLASS = YES_ERROR;
				CLANG_WARN_QUOTED_INCLUDE_IN_FRAMEWORK_HEADER = YES;
				CLANG_WARN_RANGE_LOOP_ANALYSIS = YES;
				CLANG_WARN_STRICT_PROTOTYPES = YES;
				CLANG_WARN_SUSPICIOUS_MOVE = YES;
				CLANG_WARN_UNGUARDED_AVAILABILITY = YES_AGGRESSIVE;
				CLANG_WARN_UNREACHABLE_CODE = YES;
				CLANG_WARN__DUPLICATE_METHOD_MATCH = YES;
				COPY_PHASE_STRIP = NO;
				DEBUG_INFORMATION_FORMAT = dwarf;
				ENABLE_STRICT_OBJC_MSGSEND = YES;
				ENABLE_TESTABILITY = YES;
				GCC_C_LANGUAGE_STANDARD = gnu11;
				GCC_DYNAMIC_NO_PIC = NO;
				GCC_NO_COMMON_BLOCKS = YES;
				GCC_OPTIMIZATION_LEVEL = 0;
				GCC_PREPROCESSOR_DEFINITIONS = (
					"DEBUG=1",
					"$(inherited)",
				);
				GCC_WARN_64_TO_32_BIT_CONVERSION = YES;
				GCC_WARN_ABOUT_RETURN_TYPE = YES_ERROR;
				GCC_WARN_UNDECLARED_SELECTOR = YES;
				GCC_WARN_UNINITIALIZED_AUTOS = YES_AGGRESSIVE;
				GCC_WARN_UNUSED_FUNCTION = YES;
				GCC_WARN_UNUSED_VARIABLE = YES;
				MACOSX_DEPLOYMENT_TARGET = 11.3;
				MTL_ENABLE_DEBUG_INFO = INCLUDE_SOURCE;
				MTL_FAST_MATH = YES;
				ONLY_ACTIVE_ARCH = YES;
				SDKROOT = macosx;
				SWIFT_ACTIVE_COMPILATION_CONDITIONS = DEBUG;
				SWIFT_OPTIMIZATION_LEVEL = "-Onone";
			};
			name = Debug;
		};
		E9ADC5802736436B003E9694 /* Release */ = {
			isa = XCBuildConfiguration;
			buildSettings = {
				ALWAYS_SEARCH_USER_PATHS = NO;
				CLANG_ANALYZER_NONNULL = YES;
				CLANG_ANALYZER_NUMBER_OBJECT_CONVERSION = YES_AGGRESSIVE;
				CLANG_CXX_LANGUAGE_STANDARD = "gnu++17";
				CLANG_CXX_LIBRARY = "libc++";
				CLANG_ENABLE_MODULES = YES;
				CLANG_ENABLE_OBJC_ARC = YES;
				CLANG_ENABLE_OBJC_WEAK = YES;
				CLANG_WARN_BLOCK_CAPTURE_AUTORELEASING = YES;
				CLANG_WARN_BOOL_CONVERSION = YES;
				CLANG_WARN_COMMA = YES;
				CLANG_WARN_CONSTANT_CONVERSION = YES;
				CLANG_WARN_DEPRECATED_OBJC_IMPLEMENTATIONS = YES;
				CLANG_WARN_DIRECT_OBJC_ISA_USAGE = YES_ERROR;
				CLANG_WARN_DOCUMENTATION_COMMENTS = YES;
				CLANG_WARN_EMPTY_BODY = YES;
				CLANG_WARN_ENUM_CONVERSION = YES;
				CLANG_WARN_INFINITE_RECURSION = YES;
				CLANG_WARN_INT_CONVERSION = YES;
				CLANG_WARN_NON_LITERAL_NULL_CONVERSION = YES;
				CLANG_WARN_OBJC_IMPLICIT_RETAIN_SELF = YES;
				CLANG_WARN_OBJC_LITERAL_CONVERSION = YES;
				CLANG_WARN_OBJC_ROOT_CLASS = YES_ERROR;
				CLANG_WARN_QUOTED_INCLUDE_IN_FRAMEWORK_HEADER = YES;
				CLANG_WARN_RANGE_LOOP_ANALYSIS = YES;
				CLANG_WARN_STRICT_PROTOTYPES = YES;
				CLANG_WARN_SUSPICIOUS_MOVE = YES;
				CLANG_WARN_UNGUARDED_AVAILABILITY = YES_AGGRESSIVE;
				CLANG_WARN_UNREACHABLE_CODE = YES;
				CLANG_WARN__DUPLICATE_METHOD_MATCH = YES;
				COPY_PHASE_STRIP = NO;
				DEBUG_INFORMATION_FORMAT = "dwarf-with-dsym";
				ENABLE_NS_ASSERTIONS = NO;
				ENABLE_STRICT_OBJC_MSGSEND = YES;
				GCC_C_LANGUAGE_STANDARD = gnu11;
				GCC_NO_COMMON_BLOCKS = YES;
				GCC_WARN_64_TO_32_BIT_CONVERSION = YES;
				GCC_WARN_ABOUT_RETURN_TYPE = YES_ERROR;
				GCC_WARN_UNDECLARED_SELECTOR = YES;
				GCC_WARN_UNINITIALIZED_AUTOS = YES_AGGRESSIVE;
				GCC_WARN_UNUSED_FUNCTION = YES;
				GCC_WARN_UNUSED_VARIABLE = YES;
				MACOSX_DEPLOYMENT_TARGET = 11.3;
				MTL_ENABLE_DEBUG_INFO = NO;
				MTL_FAST_MATH = YES;
				SDKROOT = macosx;
				SWIFT_COMPILATION_MODE = wholemodule;
				SWIFT_OPTIMIZATION_LEVEL = "-O";
			};
			name = Release;
		};
		E9ADC5822736436B003E9694 /* Debug */ = {
			isa = XCBuildConfiguration;
			buildSettings = {
				ASSETCATALOG_COMPILER_APPICON_NAME = AppIcon;
				ASSETCATALOG_COMPILER_GLOBAL_ACCENT_COLOR_NAME = AccentColor;
				CODE_SIGN_ENTITLEMENTS = WallpaperZ/WallpaperZ.entitlements;
				CODE_SIGN_STYLE = Automatic;
				COMBINE_HIDPI_IMAGES = YES;
				CURRENT_PROJECT_VERSION = 1;
				DEVELOPMENT_TEAM = QZ389N5Q44;
				ENABLE_HARDENED_RUNTIME = YES;
				GENERATE_INFOPLIST_FILE = YES;
				INFOPLIST_FILE = WallpaperZ/Info.plist;
				INFOPLIST_KEY_NSHumanReadableCopyright = "";
				INFOPLIST_KEY_NSMainStoryboardFile = Main;
				INFOPLIST_KEY_NSPrincipalClass = NSApplication;
				LD_RUNPATH_SEARCH_PATHS = (
					"$(inherited)",
					"@executable_path/../Frameworks",
				);
				MARKETING_VERSION = 1.0;
				PRODUCT_BUNDLE_IDENTIFIER = com.celeglow.WallpaperZ;
				PRODUCT_NAME = "$(TARGET_NAME)";
				SWIFT_EMIT_LOC_STRINGS = YES;
				SWIFT_VERSION = 5.0;
			};
			name = Debug;
		};
		E9ADC5832736436B003E9694 /* Release */ = {
			isa = XCBuildConfiguration;
			buildSettings = {
				ASSETCATALOG_COMPILER_APPICON_NAME = AppIcon;
				ASSETCATALOG_COMPILER_GLOBAL_ACCENT_COLOR_NAME = AccentColor;
				CODE_SIGN_ENTITLEMENTS = WallpaperZ/WallpaperZ.entitlements;
				CODE_SIGN_STYLE = Automatic;
				COMBINE_HIDPI_IMAGES = YES;
				CURRENT_PROJECT_VERSION = 1;
				DEVELOPMENT_TEAM = QZ389N5Q44;
				ENABLE_HARDENED_RUNTIME = YES;
				GENERATE_INFOPLIST_FILE = YES;
				INFOPLIST_FILE = WallpaperZ/Info.plist;
				INFOPLIST_KEY_NSHumanReadableCopyright = "";
				INFOPLIST_KEY_NSMainStoryboardFile = Main;
				INFOPLIST_KEY_NSPrincipalClass = NSApplication;
				LD_RUNPATH_SEARCH_PATHS = (
					"$(inherited)",
					"@executable_path/../Frameworks",
				);
				MARKETING_VERSION = 1.0;
				PRODUCT_BUNDLE_IDENTIFIER = com.celeglow.WallpaperZ;
				PRODUCT_NAME = "$(TARGET_NAME)";
				SWIFT_EMIT_LOC_STRINGS = YES;
				SWIFT_VERSION = 5.0;
			};
			name = Release;
		};
/* End XCBuildConfiguration section */

/* Begin XCConfigurationList section */
		E9ADC56D2736436A003E9694 /* Build configuration list for PBXProject "WallpaperZ" */ = {
			isa = XCConfigurationList;
			buildConfigurations = (
				E9ADC57F2736436B003E9694 /* Debug */,
				E9ADC5802736436B003E9694 /* Release */,
			);
			defaultConfigurationIsVisible = 0;
			defaultConfigurationName = Release;
		};
		E9ADC5812736436B003E9694 /* Build configuration list for PBXNativeTarget "WallpaperZ" */ = {
			isa = XCConfigurationList;
			buildConfigurations = (
				E9ADC5822736436B003E9694 /* Debug */,
				E9ADC5832736436B003E9694 /* Release */,
			);
			defaultConfigurationIsVisible = 0;
			defaultConfigurationName = Release;
		};
/* End XCConfigurationList section */
	};
	rootObject = E9ADC56A2736436A003E9694 /* Project object */;
}
